// !$*UTF8*$!
{
	archiveVersion = 1;
	classes = {
	};
	objectVersion = 46;
	objects = {

/* Begin PBXBuildFile section */
		51CD1BEC1E7D4B9700014189 /* AppDelegate.swift in Sources */ = {isa = PBXBuildFile; fileRef = 51CD1BEB1E7D4B9700014189 /* AppDelegate.swift */; };
		51CD1BEE1E7D4B9700014189 /* ViewController.swift in Sources */ = {isa = PBXBuildFile; fileRef = 51CD1BED1E7D4B9700014189 /* ViewController.swift */; };
		51CD1BF11E7D4B9700014189 /* Main.storyboard in Resources */ = {isa = PBXBuildFile; fileRef = 51CD1BEF1E7D4B9700014189 /* Main.storyboard */; };
		51CD1BF31E7D4B9700014189 /* Assets.xcassets in Resources */ = {isa = PBXBuildFile; fileRef = 51CD1BF21E7D4B9700014189 /* Assets.xcassets */; };
		51CD1BF61E7D4B9700014189 /* LaunchScreen.storyboard in Resources */ = {isa = PBXBuildFile; fileRef = 51CD1BF41E7D4B9700014189 /* LaunchScreen.storyboard */; };
/* End PBXBuildFile section */

/* Begin PBXFileReference section */
		51CD1BE81E7D4B9700014189 /* kofepovkusu.app */ = {isa = PBXFileReference; explicitFileType = wrapper.application; includeInIndex = 0; path = kofepovkusu.app; sourceTree = BUILT_PRODUCTS_DIR; };
		51CD1BEB1E7D4B9700014189 /* AppDelegate.swift */ = {isa = PBXFileReference; lastKnownFileType = sourcecode.swift; path = AppDelegate.swift; sourceTree = "<group>"; };
		51CD1BED1E7D4B9700014189 /* ViewController.swift */ = {isa = PBXFileReference; lastKnownFileType = sourcecode.swift; path = ViewController.swift; sourceTree = "<group>"; };
		51CD1BF01E7D4B9700014189 /* Base */ = {isa = PBXFileReference; lastKnownFileType = file.storyboard; name = Base; path = Base.lproj/Main.storyboard; sourceTree = "<group>"; };
		51CD1BF21E7D4B9700014189 /* Assets.xcassets */ = {isa = PBXFileReference; lastKnownFileType = folder.assetcatalog; path = Assets.xcassets; sourceTree = "<group>"; };
		51CD1BF51E7D4B9700014189 /* Base */ = {isa = PBXFileReference; lastKnownFileType = file.storyboard; name = Base; path = Base.lproj/LaunchScreen.storyboard; sourceTree = "<group>"; };
		51CD1BF71E7D4B9700014189 /* Info.plist */ = {isa = PBXFileReference; lastKnownFileType = text.plist.xml; path = Info.plist; sourceTree = "<group>"; };
/* End PBXFileReference section */

/* Begin PBXFrameworksBuildPhase section */
		51CD1BE51E7D4B9700014189 /* Frameworks */ = {
			isa = PBXFrameworksBuildPhase;
			buildActionMask = 2147483647;
			files = (
			);
			runOnlyForDeploymentPostprocessing = 0;
		};
/* End PBXFrameworksBuildPhase section */

/* Begin PBXGroup section */
		51CD1BDF1E7D4B9700014189 = {
			isa = PBXGroup;
			children = (
				51CD1BEA1E7D4B9700014189 /* kofepovkusu */,
				51CD1BE91E7D4B9700014189 /* Products */,
			);
			sourceTree = "<group>";
		};
		51CD1BE91E7D4B9700014189 /* Products */ = {
			isa = PBXGroup;
			children = (
				51CD1BE81E7D4B9700014189 /* kofepovkusu.app */,
			);
			name = Products;
			sourceTree = "<group>";
		};
		51CD1BEA1E7D4B9700014189 /* kofepovkusu */ = {
			isa = PBXGroup;
			children = (
				51CD1BEB1E7D4B9700014189 /* AppDelegate.swift */,
				51CD1BED1E7D4B9700014189 /* ViewController.swift */,
				51CD1BEF1E7D4B9700014189 /* Main.storyboard */,
				51CD1BF21E7D4B9700014189 /* Assets.xcassets */,
				51CD1BF41E7D4B9700014189 /* LaunchScreen.storyboard */,
				51CD1BF71E7D4B9700014189 /* Info.plist */,
			);
			path = kofepovkusu;
			sourceTree = "<group>";
		};
/* End PBXGroup section */

/* Begin PBXNativeTarget section */
		51CD1BE71E7D4B9700014189 /* kofepovkusu */ = {
			isa = PBXNativeTarget;
			buildConfigurationList = 51CD1BFA1E7D4B9700014189 /* Build configuration list for PBXNativeTarget "kofepovkusu" */;
			buildPhases = (
				51CD1BE41E7D4B9700014189 /* Sources */,
				51CD1BE51E7D4B9700014189 /* Frameworks */,
				51CD1BE61E7D4B9700014189 /* Resources */,
			);
			buildRules = (
			);
			dependencies = (
			);
			name = kofepovkusu;
			productName = kofepovkusu;
			productReference = 51CD1BE81E7D4B9700014189 /* kofepovkusu.app */;
			productType = "com.apple.product-type.application";
		};
/* End PBXNativeTarget section */

/* Begin PBXProject section */
		51CD1BE01E7D4B9700014189 /* Project object */ = {
			isa = PBXProject;
			attributes = {
				LastSwiftUpdateCheck = 0820;
				LastUpgradeCheck = 0820;
				ORGANIZATIONNAME = kaff.io;
				TargetAttributes = {
					51CD1BE71E7D4B9700014189 = {
						CreatedOnToolsVersion = 8.2.1;
						ProvisioningStyle = Automatic;
					};
				};
			};
			buildConfigurationList = 51CD1BE31E7D4B9700014189 /* Build configuration list for PBXProject "kofepovkusu" */;
			compatibilityVersion = "Xcode 3.2";
			developmentRegion = English;
			hasScannedForEncodings = 0;
			knownRegions = (
				en,
				Base,
			);
			mainGroup = 51CD1BDF1E7D4B9700014189;
			productRefGroup = 51CD1BE91E7D4B9700014189 /* Products */;
			projectDirPath = "";
			projectRoot = "";
			targets = (
				51CD1BE71E7D4B9700014189 /* kofepovkusu */,
			);
		};
/* End PBXProject section */

/* Begin PBXResourcesBuildPhase section */
		51CD1BE61E7D4B9700014189 /* Resources */ = {
			isa = PBXResourcesBuildPhase;
			buildActionMask = 2147483647;
			files = (
				51CD1BF61E7D4B9700014189 /* LaunchScreen.storyboard in Resources */,
				51CD1BF31E7D4B9700014189 /* Assets.xcassets in Resources */,
				51CD1BF11E7D4B9700014189 /* Main.storyboard in Resources */,
			);
			runOnlyForDeploymentPostprocessing = 0;
		};
/* End PBXResourcesBuildPhase section */

/* Begin PBXSourcesBuildPhase section */
		51CD1BE41E7D4B9700014189 /* Sources */ = {
			isa = PBXSourcesBuildPhase;
			buildActionMask = 2147483647;
			files = (
				51CD1BEE1E7D4B9700014189 /* ViewController.swift in Sources */,
				51CD1BEC1E7D4B9700014189 /* AppDelegate.swift in Sources */,
			);
			runOnlyForDeploymentPostprocessing = 0;
		};
/* End PBXSourcesBuildPhase section */

/* Begin PBXVariantGroup section */
		51CD1BEF1E7D4B9700014189 /* Main.storyboard */ = {
			isa = PBXVariantGroup;
			children = (
				51CD1BF01E7D4B9700014189 /* Base */,
			);
			name = Main.storyboard;
			sourceTree = "<group>";
		};
		51CD1BF41E7D4B9700014189 /* LaunchScreen.storyboard */ = {
			isa = PBXVariantGroup;
			children = (
				51CD1BF51E7D4B9700014189 /* Base */,
			);
			name = LaunchScreen.storyboard;
			sourceTree = "<group>";
		};
/* End PBXVariantGroup section */

/* Begin XCBuildConfiguration section */
		51CD1BF81E7D4B9700014189 /* Debug */ = {
			isa = XCBuildConfiguration;
			buildSettings = {
				ALWAYS_SEARCH_USER_PATHS = NO;
				CLANG_ANALYZER_NONNULL = YES;
				CLANG_CXX_LANGUAGE_STANDARD = "gnu++0x";
				CLANG_CXX_LIBRARY = "libc++";
				CLANG_ENABLE_MODULES = YES;
				CLANG_ENABLE_OBJC_ARC = YES;
				CLANG_WARN_BOOL_CONVERSION = YES;
				CLANG_WARN_CONSTANT_CONVERSION = YES;
				CLANG_WARN_DIRECT_OBJC_ISA_USAGE = YES_ERROR;
				CLANG_WARN_DOCUMENTATION_COMMENTS = YES;
				CLANG_WARN_EMPTY_BODY = YES;
				CLANG_WARN_ENUM_CONVERSION = YES;
				CLANG_WARN_INFINITE_RECURSION = YES;
				CLANG_WARN_INT_CONVERSION = YES;
				CLANG_WARN_OBJC_ROOT_CLASS = YES_ERROR;
				CLANG_WARN_SUSPICIOUS_MOVE = YES;
				CLANG_WARN_UNREACHABLE_CODE = YES;
				CLANG_WARN__DUPLICATE_METHOD_MATCH = YES;
				"CODE_SIGN_IDENTITY[sdk=iphoneos*]" = "iPhone Developer";
				COPY_PHASE_STRIP = NO;
				DEBUG_INFORMATION_FORMAT = dwarf;
				ENABLE_STRICT_OBJC_MSGSEND = YES;
				ENABLE_TESTABILITY = YES;
				GCC_C_LANGUAGE_STANDARD = gnu99;
				GCC_DYNAMIC_NO_PIC = NO;
				GCC_NO_COMMON_BLOCKS = YES;
				GCC_OPTIMIZATION_LEVEL = 0;
				GCC_PREPROCESSOR_DEFINITIONS = (
					"DEBUG=1",
					"$(inherited)",
				);
				GCC_WARN_64_TO_32_BIT_CONVERSION = YES;
				GCC_WARN_ABOUT_RETURN_TYPE = YES_ERROR;
				GCC_WARN_UNDECLARED_SELECTOR = YES;
				GCC_WARN_UNINITIALIZED_AUTOS = YES_AGGRESSIVE;
				GCC_WARN_UNUSED_FUNCTION = YES;
				GCC_WARN_UNUSED_VARIABLE = YES;
				IPHONEOS_DEPLOYMENT_TARGET = 10.2;
				MTL_ENABLE_DEBUG_INFO = YES;
				ONLY_ACTIVE_ARCH = YES;
				SDKROOT = iphoneos;
				SWIFT_ACTIVE_COMPILATION_CONDITIONS = DEBUG;
				SWIFT_OPTIMIZATION_LEVEL = "-Onone";
			};
			name = Debug;
		};
		51CD1BF91E7D4B9700014189 /* Release */ = {
			isa = XCBuildConfiguration;
			buildSettings = {
				ALWAYS_SEARCH_USER_PATHS = NO;
				CLANG_ANALYZER_NONNULL = YES;
				CLANG_CXX_LANGUAGE_STANDARD = "gnu++0x";
				CLANG_CXX_LIBRARY = "libc++";
				CLANG_ENABLE_MODULES = YES;
				CLANG_ENABLE_OBJC_ARC = YES;
				CLANG_WARN_BOOL_CONVERSION = YES;
				CLANG_WARN_CONSTANT_CONVERSION = YES;
				CLANG_WARN_DIRECT_OBJC_ISA_USAGE = YES_ERROR;
				CLANG_WARN_DOCUMENTATION_COMMENTS = YES;
				CLANG_WARN_EMPTY_BODY = YES;
				CLANG_WARN_ENUM_CONVERSION = YES;
				CLANG_WARN_INFINITE_RECURSION = YES;
				CLANG_WARN_INT_CONVERSION = YES;
				CLANG_WARN_OBJC_ROOT_CLASS = YES_ERROR;
				CLANG_WARN_SUSPICIOUS_MOVE = YES;
				CLANG_WARN_UNREACHABLE_CODE = YES;
				CLANG_WARN__DUPLICATE_METHOD_MATCH = YES;
				"CODE_SIGN_IDENTITY[sdk=iphoneos*]" = "iPhone Developer";
				COPY_PHASE_STRIP = NO;
				DEBUG_INFORMATION_FORMAT = "dwarf-with-dsym";
				ENABLE_NS_ASSERTIONS = NO;
				ENABLE_STRICT_OBJC_MSGSEND = YES;
				GCC_C_LANGUAGE_STANDARD = gnu99;
				GCC_NO_COMMON_BLOCKS = YES;
				GCC_WARN_64_TO_32_BIT_CONVERSION = YES;
				GCC_WARN_ABOUT_RETURN_TYPE = YES_ERROR;
				GCC_WARN_UNDECLARED_SELECTOR = YES;
				GCC_WARN_UNINITIALIZED_AUTOS = YES_AGGRESSIVE;
				GCC_WARN_UNUSED_FUNCTION = YES;
				GCC_WARN_UNUSED_VARIABLE = YES;
				IPHONEOS_DEPLOYMENT_TARGET = 10.2;
				MTL_ENABLE_DEBUG_INFO = NO;
				SDKROOT = iphoneos;
				SWIFT_OPTIMIZATION_LEVEL = "-Owholemodule";
				VALIDATE_PRODUCT = YES;
			};
			name = Release;
		};
		51CD1BFB1E7D4B9700014189 /* Debug */ = {
			isa = XCBuildConfiguration;
			buildSettings = {
				ASSETCATALOG_COMPILER_APPICON_NAME = AppIcon;
				INFOPLIST_FILE = kofepovkusu/Info.plist;
				LD_RUNPATH_SEARCH_PATHS = "$(inherited) @executable_path/Frameworks";
				PRODUCT_BUNDLE_IDENTIFIER = kaff.io.kofepovkusu;
				PRODUCT_NAME = "$(TARGET_NAME)";
				SWIFT_VERSION = 3.0;
			};
			name = Debug;
		};
		51CD1BFC1E7D4B9700014189 /* Release */ = {
			isa = XCBuildConfiguration;
			buildSettings = {
				ASSETCATALOG_COMPILER_APPICON_NAME = AppIcon;
				INFOPLIST_FILE = kofepovkusu/Info.plist;
				LD_RUNPATH_SEARCH_PATHS = "$(inherited) @executable_path/Frameworks";
				PRODUCT_BUNDLE_IDENTIFIER = kaff.io.kofepovkusu;
				PRODUCT_NAME = "$(TARGET_NAME)";
				SWIFT_VERSION = 3.0;
			};
			name = Release;
		};
/* End XCBuildConfiguration section */

/* Begin XCConfigurationList section */
		51CD1BE31E7D4B9700014189 /* Build configuration list for PBXProject "kofepovkusu" */ = {
			isa = XCConfigurationList;
			buildConfigurations = (
				51CD1BF81E7D4B9700014189 /* Debug */,
				51CD1BF91E7D4B9700014189 /* Release */,
			);
			defaultConfigurationIsVisible = 0;
			defaultConfigurationName = Release;
		};
		51CD1BFA1E7D4B9700014189 /* Build configuration list for PBXNativeTarget "kofepovkusu" */ = {
			isa = XCConfigurationList;
			buildConfigurations = (
				51CD1BFB1E7D4B9700014189 /* Debug */,
				51CD1BFC1E7D4B9700014189 /* Release */,
			);
			defaultConfigurationIsVisible = 0;
		};
/* End XCConfigurationList section */
	};
	rootObject = 51CD1BE01E7D4B9700014189 /* Project object */;
}
